
Microsoft Visual Studio Solution File, Format Version 11.00
# Visual C# Express 2010
Project("{FAE04EC0-301F-11D3-BF4B-00C04F79EFBC}") = "GUIRec_lab03", "GUIRec_lab03\GUIRec_lab03.csproj", "{FF86F097-1FCE-4E77-93CD-E52714F2C62D}"
EndProject
Project("{FAE04EC0-301F-11D3-BF4B-00C04F79EFBC}") = "GUIRec02", "GUIRec02\GUIRec02.csproj", "{4C7D42B2-C827-4A88-8C12-21B26C170AC7}"
EndProject
Global
	GlobalSection(SolutionConfigurationPlatforms) = preSolution
		Debug|x86 = Debug|x86
		Release|x86 = Release|x86
	EndGlobalSection
	GlobalSection(ProjectConfigurationPlatforms) = postSolution
		{FF86F097-1FCE-4E77-93CD-E52714F2C62D}.Debug|x86.ActiveCfg = Debug|x86
		{FF86F097-1FCE-4E77-93CD-E52714F2C62D}.Debug|x86.Build.0 = Debug|x86
		{FF86F097-1FCE-4E77-93CD-E52714F2C62D}.Release|x86.ActiveCfg = Release|x86
		{FF86F097-1FCE-4E77-93CD-E52714F2C62D}.Release|x86.Build.0 = Release|x86
		{4C7D42B2-C827-4A88-8C12-21B26C170AC7}.Debug|x86.ActiveCfg = Debug|x86
		{4C7D42B2-C827-4A88-8C12-21B26C170AC7}.Debug|x86.Build.0 = Debug|x86
		{4C7D42B2-C827-4A88-8C12-21B26C170AC7}.Release|x86.ActiveCfg = Release|x86
		{4C7D42B2-C827-4A88-8C12-21B26C170AC7}.Release|x86.Build.0 = Release|x86
	EndGlobalSection
	GlobalSection(SolutionProperties) = preSolution
		HideSolutionNode = FALSE
	EndGlobalSection
EndGlobal
